
Microsoft Visual Studio Solution File, Format Version 12.00
# Visual Studio Version 17
VisualStudioVersion = 17.14.36212.18 d17.14
MinimumVisualStudioVersion = 10.0.40219.1
Project("{FAE04EC0-301F-11D3-BF4B-00C04F79EFBC}") = "EventOrganizerApp", "EventOrganizerApp.csproj", "{65E70D26-E18B-4856-BFCA-1E8996126C23}"
EndProject
Global
	GlobalSection(SolutionConfigurationPlatforms) = preSolution
		Debug|Any CPU = Debug|Any CPU
		Release|Any CPU = Release|Any CPU
	EndGlobalSection
	GlobalSection(ProjectConfigurationPlatforms) = postSolution
		{65E70D26-E18B-4856-BFCA-1E8996126C23}.Debug|Any CPU.ActiveCfg = Debug|Any CPU
		{65E70D26-E18B-4856-BFCA-1E8996126C23}.Debug|Any CPU.Build.0 = Debug|Any CPU
		{65E70D26-E18B-4856-BFCA-1E8996126C23}.Release|Any CPU.ActiveCfg = Release|Any CPU
		{65E70D26-E18B-4856-BFCA-1E8996126C23}.Release|Any CPU.Build.0 = Release|Any CPU
	EndGlobalSection
	GlobalSection(SolutionProperties) = preSolution
		HideSolutionNode = FALSE
	EndGlobalSection
	GlobalSection(ExtensibilityGlobals) = postSolution
		SolutionGuid = {FEF2F064-C288-4D5C-AC30-07A0EBAD497E}
	EndGlobalSection
EndGlobal
